
Microsoft Visual Studio Solution File, Format Version 12.00
# Visual Studio Version 16
VisualStudioVersion = 16.0.30320.27
MinimumVisualStudioVersion = 10.0.40219.1
Project("{00D1A9C2-B5F0-4AF3-8072-F6C62B433612}") = "PersonDB", "PersonDB\PersonDB.sqlproj", "{20A79A4E-EBFD-4A00-923B-FB1B388249C5}"
EndProject
Project("{00D1A9C2-B5F0-4AF3-8072-F6C62B433612}") = "TulipDB", "TulipDB\TulipDB.sqlproj", "{286E9725-DB18-476E-B6AD-AA0639230A98}"
EndProject
Global
	GlobalSection(SolutionConfigurationPlatforms) = preSolution
		Debug|Any CPU = Debug|Any CPU
		Release|Any CPU = Release|Any CPU
	EndGlobalSection
	GlobalSection(ProjectConfigurationPlatforms) = postSolution
		{20A79A4E-EBFD-4A00-923B-FB1B388249C5}.Debug|Any CPU.ActiveCfg = Debug|Any CPU
		{20A79A4E-EBFD-4A00-923B-FB1B388249C5}.Debug|Any CPU.Build.0 = Debug|Any CPU
		{20A79A4E-EBFD-4A00-923B-FB1B388249C5}.Debug|Any CPU.Deploy.0 = Debug|Any CPU
		{20A79A4E-EBFD-4A00-923B-FB1B388249C5}.Release|Any CPU.ActiveCfg = Release|Any CPU
		{20A79A4E-EBFD-4A00-923B-FB1B388249C5}.Release|Any CPU.Build.0 = Release|Any CPU
		{20A79A4E-EBFD-4A00-923B-FB1B388249C5}.Release|Any CPU.Deploy.0 = Release|Any CPU
		{286E9725-DB18-476E-B6AD-AA0639230A98}.Debug|Any CPU.ActiveCfg = Debug|Any CPU
		{286E9725-DB18-476E-B6AD-AA0639230A98}.Debug|Any CPU.Build.0 = Debug|Any CPU
		{286E9725-DB18-476E-B6AD-AA0639230A98}.Debug|Any CPU.Deploy.0 = Debug|Any CPU
		{286E9725-DB18-476E-B6AD-AA0639230A98}.Release|Any CPU.ActiveCfg = Release|Any CPU
		{286E9725-DB18-476E-B6AD-AA0639230A98}.Release|Any CPU.Build.0 = Release|Any CPU
		{286E9725-DB18-476E-B6AD-AA0639230A98}.Release|Any CPU.Deploy.0 = Release|Any CPU
	EndGlobalSection
	GlobalSection(SolutionProperties) = preSolution
		HideSolutionNode = FALSE
	EndGlobalSection
	GlobalSection(ExtensibilityGlobals) = postSolution
		SolutionGuid = {EE976C73-D633-4E32-9C15-2182F2279AFB}
	EndGlobalSection
EndGlobal
